// !$*UTF8*$!
{
	archiveVersion = 1;
	classes = {
	};
	objectVersion = 56;
	objects = {

/* Begin PBXBuildFile section */
		930E6FBD2BDF57E100A026CD /* AchievementView.swift in Sources */ = {isa = PBXBuildFile; fileRef = 930E6FBC2BDF57E100A026CD /* AchievementView.swift */; };
		930E6FBF2BDF580000A026CD /* plantingView.swift in Sources */ = {isa = PBXBuildFile; fileRef = 930E6FBE2BDF580000A026CD /* plantingView.swift */; };
		930E6FE12BDF67D800A026CD /* WallGame.swift in Sources */ = {isa = PBXBuildFile; fileRef = 930E6FE02BDF67D800A026CD /* WallGame.swift */; };
		930E6FE32BDF69D700A026CD /* Droplets.swift in Sources */ = {isa = PBXBuildFile; fileRef = 930E6FE22BDF69D700A026CD /* Droplets.swift */; };
		930E6FE52BDF6AE400A026CD /* Player.swift in Sources */ = {isa = PBXBuildFile; fileRef = 930E6FE42BDF6AE400A026CD /* Player.swift */; };
		930E6FED2BDFD3D300A026CD /* Plant.swift in Sources */ = {isa = PBXBuildFile; fileRef = 930E6FEC2BDFD3D300A026CD /* Plant.swift */; };
		930E6FF32BDFE03100A026CD /* WaterBar.swift in Sources */ = {isa = PBXBuildFile; fileRef = 930E6FF22BDFE03100A026CD /* WaterBar.swift */; };
		930E6FF52BDFE07700A026CD /* fertilizerBar.swift in Sources */ = {isa = PBXBuildFile; fileRef = 930E6FF42BDFE07700A026CD /* fertilizerBar.swift */; };
		93136A842BDD45AA00C04E4C /* SplashView.swift in Sources */ = {isa = PBXBuildFile; fileRef = 93136A832BDD45AA00C04E4C /* SplashView.swift */; };
		93136A882BDD53A600C04E4C /* ringtone.mp3 in Resources */ = {isa = PBXBuildFile; fileRef = 93136A872BDD53A600C04E4C /* ringtone.mp3 */; };
		9314AA732BDBC08E00E8060B /* ThirdView.swift in Sources */ = {isa = PBXBuildFile; fileRef = 9314AA722BDBC08E00E8060B /* ThirdView.swift */; };
		9348731C2BE14638008FC3A5 /* GameScene.swift in Sources */ = {isa = PBXBuildFile; fileRef = 9348731B2BE14638008FC3A5 /* GameScene.swift */; };
		9348731E2BE214A8008FC3A5 /* WaterSphere.swift in Sources */ = {isa = PBXBuildFile; fileRef = 9348731D2BE214A8008FC3A5 /* WaterSphere.swift */; };
		93512FD82BDA1189003AE2A0 /* Nano1ShakeFeatureApp.swift in Sources */ = {isa = PBXBuildFile; fileRef = 93512FD72BDA1189003AE2A0 /* Nano1ShakeFeatureApp.swift */; };
		93512FDA2BDA1189003AE2A0 /* ContentView.swift in Sources */ = {isa = PBXBuildFile; fileRef = 93512FD92BDA1189003AE2A0 /* ContentView.swift */; };
		93512FDC2BDA118C003AE2A0 /* Assets.xcassets in Resources */ = {isa = PBXBuildFile; fileRef = 93512FDB2BDA118C003AE2A0 /* Assets.xcassets */; };
		93512FDF2BDA118C003AE2A0 /* Preview Assets.xcassets in Resources */ = {isa = PBXBuildFile; fileRef = 93512FDE2BDA118C003AE2A0 /* Preview Assets.xcassets */; };
		93512FEA2BDA7F8A003AE2A0 /* ShakeGestureManager.swift in Sources */ = {isa = PBXBuildFile; fileRef = 93512FE92BDA7F8A003AE2A0 /* ShakeGestureManager.swift */; };
		93512FF22BDA8F5A003AE2A0 /* Shake.swift in Sources */ = {isa = PBXBuildFile; fileRef = 93512FF12BDA8F5A003AE2A0 /* Shake.swift */; };
		E4A12BC72BE2661B007E408B /* .gitignore in Resources */ = {isa = PBXBuildFile; fileRef = E4A12BC62BE2661B007E408B /* .gitignore */; };
/* End PBXBuildFile section */

/* Begin PBXFileReference section */
		930E6FBC2BDF57E100A026CD /* AchievementView.swift */ = {isa = PBXFileReference; lastKnownFileType = sourcecode.swift; path = AchievementView.swift; sourceTree = "<group>"; };
		930E6FBE2BDF580000A026CD /* plantingView.swift */ = {isa = PBXFileReference; lastKnownFileType = sourcecode.swift; path = plantingView.swift; sourceTree = "<group>"; };
		930E6FE02BDF67D800A026CD /* WallGame.swift */ = {isa = PBXFileReference; lastKnownFileType = sourcecode.swift; path = WallGame.swift; sourceTree = "<group>"; };
		930E6FE22BDF69D700A026CD /* Droplets.swift */ = {isa = PBXFileReference; lastKnownFileType = sourcecode.swift; path = Droplets.swift; sourceTree = "<group>"; };
		930E6FE42BDF6AE400A026CD /* Player.swift */ = {isa = PBXFileReference; lastKnownFileType = sourcecode.swift; path = Player.swift; sourceTree = "<group>"; };
		930E6FEC2BDFD3D300A026CD /* Plant.swift */ = {isa = PBXFileReference; lastKnownFileType = sourcecode.swift; path = Plant.swift; sourceTree = "<group>"; };
		930E6FF22BDFE03100A026CD /* WaterBar.swift */ = {isa = PBXFileReference; lastKnownFileType = sourcecode.swift; path = WaterBar.swift; sourceTree = "<group>"; };
		930E6FF42BDFE07700A026CD /* fertilizerBar.swift */ = {isa = PBXFileReference; lastKnownFileType = sourcecode.swift; path = fertilizerBar.swift; sourceTree = "<group>"; };
		93136A832BDD45AA00C04E4C /* SplashView.swift */ = {isa = PBXFileReference; lastKnownFileType = sourcecode.swift; path = SplashView.swift; sourceTree = "<group>"; };
		93136A872BDD53A600C04E4C /* ringtone.mp3 */ = {isa = PBXFileReference; lastKnownFileType = audio.mp3; path = ringtone.mp3; sourceTree = "<group>"; };
		9314AA722BDBC08E00E8060B /* ThirdView.swift */ = {isa = PBXFileReference; lastKnownFileType = sourcecode.swift; path = ThirdView.swift; sourceTree = "<group>"; };
		9348731B2BE14638008FC3A5 /* GameScene.swift */ = {isa = PBXFileReference; lastKnownFileType = sourcecode.swift; path = GameScene.swift; sourceTree = "<group>"; };
		9348731D2BE214A8008FC3A5 /* WaterSphere.swift */ = {isa = PBXFileReference; lastKnownFileType = sourcecode.swift; path = WaterSphere.swift; sourceTree = "<group>"; };
		93512FD42BDA1189003AE2A0 /* Nano1ShakeFeature.app */ = {isa = PBXFileReference; explicitFileType = wrapper.application; includeInIndex = 0; path = Nano1ShakeFeature.app; sourceTree = BUILT_PRODUCTS_DIR; };
		93512FD72BDA1189003AE2A0 /* Nano1ShakeFeatureApp.swift */ = {isa = PBXFileReference; lastKnownFileType = sourcecode.swift; path = Nano1ShakeFeatureApp.swift; sourceTree = "<group>"; };
		93512FD92BDA1189003AE2A0 /* ContentView.swift */ = {isa = PBXFileReference; lastKnownFileType = sourcecode.swift; path = ContentView.swift; sourceTree = "<group>"; };
		93512FDB2BDA118C003AE2A0 /* Assets.xcassets */ = {isa = PBXFileReference; lastKnownFileType = folder.assetcatalog; path = Assets.xcassets; sourceTree = "<group>"; };
		93512FDE2BDA118C003AE2A0 /* Preview Assets.xcassets */ = {isa = PBXFileReference; lastKnownFileType = folder.assetcatalog; path = "Preview Assets.xcassets"; sourceTree = "<group>"; };
		93512FE92BDA7F8A003AE2A0 /* ShakeGestureManager.swift */ = {isa = PBXFileReference; lastKnownFileType = sourcecode.swift; path = ShakeGestureManager.swift; sourceTree = "<group>"; };
		93512FF12BDA8F5A003AE2A0 /* Shake.swift */ = {isa = PBXFileReference; lastKnownFileType = sourcecode.swift; path = Shake.swift; sourceTree = "<group>"; };
		E4A12BC62BE2661B007E408B /* .gitignore */ = {isa = PBXFileReference; lastKnownFileType = text; path = .gitignore; sourceTree = "<group>"; };
/* End PBXFileReference section */

/* Begin PBXFrameworksBuildPhase section */
		93512FD12BDA1189003AE2A0 /* Frameworks */ = {
			isa = PBXFrameworksBuildPhase;
			buildActionMask = 2147483647;
			files = (
			);
			runOnlyForDeploymentPostprocessing = 0;
		};
/* End PBXFrameworksBuildPhase section */

/* Begin PBXGroup section */
		930E6FEE2BDFD6C800A026CD /* Sprites */ = {
			isa = PBXGroup;
			children = (
				930E6FE02BDF67D800A026CD /* WallGame.swift */,
				930E6FE22BDF69D700A026CD /* Droplets.swift */,
				930E6FE42BDF6AE400A026CD /* Player.swift */,
				930E6FEC2BDFD3D300A026CD /* Plant.swift */,
				9348731D2BE214A8008FC3A5 /* WaterSphere.swift */,
			);
			path = Sprites;
			sourceTree = "<group>";
		};
		930E6FEF2BDFD6F300A026CD /* View */ = {
			isa = PBXGroup;
			children = (
				93136A832BDD45AA00C04E4C /* SplashView.swift */,
				93512FD92BDA1189003AE2A0 /* ContentView.swift */,
				9314AA722BDBC08E00E8060B /* ThirdView.swift */,
				930E6FBC2BDF57E100A026CD /* AchievementView.swift */,
				930E6FBE2BDF580000A026CD /* plantingView.swift */,
				930E6FF22BDFE03100A026CD /* WaterBar.swift */,
				930E6FF42BDFE07700A026CD /* fertilizerBar.swift */,
			);
			path = View;
			sourceTree = "<group>";
		};
		930E6FF02BDFD73500A026CD /* Model */ = {
			isa = PBXGroup;
			children = (
				93512FE92BDA7F8A003AE2A0 /* ShakeGestureManager.swift */,
				93512FF12BDA8F5A003AE2A0 /* Shake.swift */,
			);
			path = Model;
			sourceTree = "<group>";
		};
		930E6FF12BDFD98400A026CD /* Support */ = {
			isa = PBXGroup;
			children = (
				93136A872BDD53A600C04E4C /* ringtone.mp3 */,
				93512FDB2BDA118C003AE2A0 /* Assets.xcassets */,
			);
			path = Support;
			sourceTree = "<group>";
		};
		93512FCB2BDA1189003AE2A0 = {
			isa = PBXGroup;
			children = (
				E4A12BC62BE2661B007E408B /* .gitignore */,
				93512FD62BDA1189003AE2A0 /* Nano1ShakeFeature */,
				93512FD52BDA1189003AE2A0 /* Products */,
			);
			sourceTree = "<group>";
		};
		93512FD52BDA1189003AE2A0 /* Products */ = {
			isa = PBXGroup;
			children = (
				93512FD42BDA1189003AE2A0 /* Nano1ShakeFeature.app */,
			);
			name = Products;
			sourceTree = "<group>";
		};
		93512FD62BDA1189003AE2A0 /* Nano1ShakeFeature */ = {
			isa = PBXGroup;
			children = (
				93512FD72BDA1189003AE2A0 /* Nano1ShakeFeatureApp.swift */,
				9348731B2BE14638008FC3A5 /* GameScene.swift */,
				930E6FEE2BDFD6C800A026CD /* Sprites */,
				930E6FF02BDFD73500A026CD /* Model */,
				930E6FEF2BDFD6F300A026CD /* View */,
				930E6FF12BDFD98400A026CD /* Support */,
				93512FDD2BDA118C003AE2A0 /* Preview Content */,
			);
			path = Nano1ShakeFeature;
			sourceTree = "<group>";
		};
		93512FDD2BDA118C003AE2A0 /* Preview Content */ = {
			isa = PBXGroup;
			children = (
				93512FDE2BDA118C003AE2A0 /* Preview Assets.xcassets */,
			);
			path = "Preview Content";
			sourceTree = "<group>";
		};
/* End PBXGroup section */

/* Begin PBXNativeTarget section */
		93512FD32BDA1189003AE2A0 /* Nano1ShakeFeature */ = {
			isa = PBXNativeTarget;
			buildConfigurationList = 93512FE22BDA118C003AE2A0 /* Build configuration list for PBXNativeTarget "Nano1ShakeFeature" */;
			buildPhases = (
				93512FD02BDA1189003AE2A0 /* Sources */,
				93512FD12BDA1189003AE2A0 /* Frameworks */,
				93512FD22BDA1189003AE2A0 /* Resources */,
			);
			buildRules = (
			);
			dependencies = (
			);
			name = Nano1ShakeFeature;
			productName = Nano1ShakeFeature;
			productReference = 93512FD42BDA1189003AE2A0 /* Nano1ShakeFeature.app */;
			productType = "com.apple.product-type.application";
		};
/* End PBXNativeTarget section */

/* Begin PBXProject section */
		93512FCC2BDA1189003AE2A0 /* Project object */ = {
			isa = PBXProject;
			attributes = {
				BuildIndependentTargetsInParallel = 1;
				LastSwiftUpdateCheck = 1530;
				LastUpgradeCheck = 1530;
				TargetAttributes = {
					93512FD32BDA1189003AE2A0 = {
						CreatedOnToolsVersion = 15.3;
					};
				};
			};
			buildConfigurationList = 93512FCF2BDA1189003AE2A0 /* Build configuration list for PBXProject "Nano1ShakeFeature" */;
			compatibilityVersion = "Xcode 14.0";
			developmentRegion = en;
			hasScannedForEncodings = 0;
			knownRegions = (
				en,
				Base,
			);
			mainGroup = 93512FCB2BDA1189003AE2A0;
			productRefGroup = 93512FD52BDA1189003AE2A0 /* Products */;
			projectDirPath = "";
			projectRoot = "";
			targets = (
				93512FD32BDA1189003AE2A0 /* Nano1ShakeFeature */,
			);
		};
/* End PBXProject section */

/* Begin PBXResourcesBuildPhase section */
		93512FD22BDA1189003AE2A0 /* Resources */ = {
			isa = PBXResourcesBuildPhase;
			buildActionMask = 2147483647;
			files = (
				E4A12BC72BE2661B007E408B /* .gitignore in Resources */,
				93512FDF2BDA118C003AE2A0 /* Preview Assets.xcassets in Resources */,
				93136A882BDD53A600C04E4C /* ringtone.mp3 in Resources */,
				93512FDC2BDA118C003AE2A0 /* Assets.xcassets in Resources */,
			);
			runOnlyForDeploymentPostprocessing = 0;
		};
/* End PBXResourcesBuildPhase section */

/* Begin PBXSourcesBuildPhase section */
		93512FD02BDA1189003AE2A0 /* Sources */ = {
			isa = PBXSourcesBuildPhase;
			buildActionMask = 2147483647;
			files = (
				9348731E2BE214A8008FC3A5 /* WaterSphere.swift in Sources */,
				93512FDA2BDA1189003AE2A0 /* ContentView.swift in Sources */,
				9348731C2BE14638008FC3A5 /* GameScene.swift in Sources */,
				930E6FBF2BDF580000A026CD /* plantingView.swift in Sources */,
				930E6FE32BDF69D700A026CD /* Droplets.swift in Sources */,
				930E6FF52BDFE07700A026CD /* fertilizerBar.swift in Sources */,
				93512FF22BDA8F5A003AE2A0 /* Shake.swift in Sources */,
				93512FD82BDA1189003AE2A0 /* Nano1ShakeFeatureApp.swift in Sources */,
				930E6FE52BDF6AE400A026CD /* Player.swift in Sources */,
				930E6FBD2BDF57E100A026CD /* AchievementView.swift in Sources */,
				930E6FF32BDFE03100A026CD /* WaterBar.swift in Sources */,
				930E6FE12BDF67D800A026CD /* WallGame.swift in Sources */,
				9314AA732BDBC08E00E8060B /* ThirdView.swift in Sources */,
				93512FEA2BDA7F8A003AE2A0 /* ShakeGestureManager.swift in Sources */,
				930E6FED2BDFD3D300A026CD /* Plant.swift in Sources */,
				93136A842BDD45AA00C04E4C /* SplashView.swift in Sources */,
			);
			runOnlyForDeploymentPostprocessing = 0;
		};
/* End PBXSourcesBuildPhase section */

/* Begin XCBuildConfiguration section */
		93512FE02BDA118C003AE2A0 /* Debug */ = {
			isa = XCBuildConfiguration;
			buildSettings = {
				ALWAYS_SEARCH_USER_PATHS = NO;
				ASSETCATALOG_COMPILER_GENERATE_SWIFT_ASSET_SYMBOL_EXTENSIONS = YES;
				CLANG_ANALYZER_NONNULL = YES;
				CLANG_ANALYZER_NUMBER_OBJECT_CONVERSION = YES_AGGRESSIVE;
				CLANG_CXX_LANGUAGE_STANDARD = "gnu++20";
				CLANG_ENABLE_MODULES = YES;
				CLANG_ENABLE_OBJC_ARC = YES;
				CLANG_ENABLE_OBJC_WEAK = YES;
				CLANG_WARN_BLOCK_CAPTURE_AUTORELEASING = YES;
				CLANG_WARN_BOOL_CONVERSION = YES;
				CLANG_WARN_COMMA = YES;
				CLANG_WARN_CONSTANT_CONVERSION = YES;
				CLANG_WARN_DEPRECATED_OBJC_IMPLEMENTATIONS = YES;
				CLANG_WARN_DIRECT_OBJC_ISA_USAGE = YES_ERROR;
				CLANG_WARN_DOCUMENTATION_COMMENTS = YES;
				CLANG_WARN_EMPTY_BODY = YES;
				CLANG_WARN_ENUM_CONVERSION = YES;
				CLANG_WARN_INFINITE_RECURSION = YES;
				CLANG_WARN_INT_CONVERSION = YES;
				CLANG_WARN_NON_LITERAL_NULL_CONVERSION = YES;
				CLANG_WARN_OBJC_IMPLICIT_RETAIN_SELF = YES;
				CLANG_WARN_OBJC_LITERAL_CONVERSION = YES;
				CLANG_WARN_OBJC_ROOT_CLASS = YES_ERROR;
				CLANG_WARN_QUOTED_INCLUDE_IN_FRAMEWORK_HEADER = YES;
				CLANG_WARN_RANGE_LOOP_ANALYSIS = YES;
				CLANG_WARN_STRICT_PROTOTYPES = YES;
				CLANG_WARN_SUSPICIOUS_MOVE = YES;
				CLANG_WARN_UNGUARDED_AVAILABILITY = YES_AGGRESSIVE;
				CLANG_WARN_UNREACHABLE_CODE = YES;
				CLANG_WARN__DUPLICATE_METHOD_MATCH = YES;
				COPY_PHASE_STRIP = NO;
				DEBUG_INFORMATION_FORMAT = dwarf;
				ENABLE_STRICT_OBJC_MSGSEND = YES;
				ENABLE_TESTABILITY = YES;
				ENABLE_USER_SCRIPT_SANDBOXING = YES;
				GCC_C_LANGUAGE_STANDARD = gnu17;
				GCC_DYNAMIC_NO_PIC = NO;
				GCC_NO_COMMON_BLOCKS = YES;
				GCC_OPTIMIZATION_LEVEL = 0;
				GCC_PREPROCESSOR_DEFINITIONS = (
					"DEBUG=1",
					"$(inherited)",
				);
				GCC_WARN_64_TO_32_BIT_CONVERSION = YES;
				GCC_WARN_ABOUT_RETURN_TYPE = YES_ERROR;
				GCC_WARN_UNDECLARED_SELECTOR = YES;
				GCC_WARN_UNINITIALIZED_AUTOS = YES_AGGRESSIVE;
				GCC_WARN_UNUSED_FUNCTION = YES;
				GCC_WARN_UNUSED_VARIABLE = YES;
				IPHONEOS_DEPLOYMENT_TARGET = 17.4;
				LOCALIZATION_PREFERS_STRING_CATALOGS = YES;
				MTL_ENABLE_DEBUG_INFO = INCLUDE_SOURCE;
				MTL_FAST_MATH = YES;
				ONLY_ACTIVE_ARCH = YES;
				SDKROOT = iphoneos;
				SWIFT_ACTIVE_COMPILATION_CONDITIONS = "DEBUG $(inherited)";
				SWIFT_OPTIMIZATION_LEVEL = "-Onone";
			};
			name = Debug;
		};
		93512FE12BDA118C003AE2A0 /* Release */ = {
			isa = XCBuildConfiguration;
			buildSettings = {
				ALWAYS_SEARCH_USER_PATHS = NO;
				ASSETCATALOG_COMPILER_GENERATE_SWIFT_ASSET_SYMBOL_EXTENSIONS = YES;
				CLANG_ANALYZER_NONNULL = YES;
				CLANG_ANALYZER_NUMBER_OBJECT_CONVERSION = YES_AGGRESSIVE;
				CLANG_CXX_LANGUAGE_STANDARD = "gnu++20";
				CLANG_ENABLE_MODULES = YES;
				CLANG_ENABLE_OBJC_ARC = YES;
				CLANG_ENABLE_OBJC_WEAK = YES;
				CLANG_WARN_BLOCK_CAPTURE_AUTORELEASING = YES;
				CLANG_WARN_BOOL_CONVERSION = YES;
				CLANG_WARN_COMMA = YES;
				CLANG_WARN_CONSTANT_CONVERSION = YES;
				CLANG_WARN_DEPRECATED_OBJC_IMPLEMENTATIONS = YES;
				CLANG_WARN_DIRECT_OBJC_ISA_USAGE = YES_ERROR;
				CLANG_WARN_DOCUMENTATION_COMMENTS = YES;
				CLANG_WARN_EMPTY_BODY = YES;
				CLANG_WARN_ENUM_CONVERSION = YES;
				CLANG_WARN_INFINITE_RECURSION = YES;
				CLANG_WARN_INT_CONVERSION = YES;
				CLANG_WARN_NON_LITERAL_NULL_CONVERSION = YES;
				CLANG_WARN_OBJC_IMPLICIT_RETAIN_SELF = YES;
				CLANG_WARN_OBJC_LITERAL_CONVERSION = YES;
				CLANG_WARN_OBJC_ROOT_CLASS = YES_ERROR;
				CLANG_WARN_QUOTED_INCLUDE_IN_FRAMEWORK_HEADER = YES;
				CLANG_WARN_RANGE_LOOP_ANALYSIS = YES;
				CLANG_WARN_STRICT_PROTOTYPES = YES;
				CLANG_WARN_SUSPICIOUS_MOVE = YES;
				CLANG_WARN_UNGUARDED_AVAILABILITY = YES_AGGRESSIVE;
				CLANG_WARN_UNREACHABLE_CODE = YES;
				CLANG_WARN__DUPLICATE_METHOD_MATCH = YES;
				COPY_PHASE_STRIP = NO;
				DEBUG_INFORMATION_FORMAT = "dwarf-with-dsym";
				ENABLE_NS_ASSERTIONS = NO;
				ENABLE_STRICT_OBJC_MSGSEND = YES;
				ENABLE_USER_SCRIPT_SANDBOXING = YES;
				GCC_C_LANGUAGE_STANDARD = gnu17;
				GCC_NO_COMMON_BLOCKS = YES;
				GCC_WARN_64_TO_32_BIT_CONVERSION = YES;
				GCC_WARN_ABOUT_RETURN_TYPE = YES_ERROR;
				GCC_WARN_UNDECLARED_SELECTOR = YES;
				GCC_WARN_UNINITIALIZED_AUTOS = YES_AGGRESSIVE;
				GCC_WARN_UNUSED_FUNCTION = YES;
				GCC_WARN_UNUSED_VARIABLE = YES;
				IPHONEOS_DEPLOYMENT_TARGET = 17.4;
				LOCALIZATION_PREFERS_STRING_CATALOGS = YES;
				MTL_ENABLE_DEBUG_INFO = NO;
				MTL_FAST_MATH = YES;
				SDKROOT = iphoneos;
				SWIFT_COMPILATION_MODE = wholemodule;
				VALIDATE_PRODUCT = YES;
			};
			name = Release;
		};
		93512FE32BDA118C003AE2A0 /* Debug */ = {
			isa = XCBuildConfiguration;
			buildSettings = {
				ASSETCATALOG_COMPILER_APPICON_NAME = AppIcon;
				ASSETCATALOG_COMPILER_GLOBAL_ACCENT_COLOR_NAME = AccentColor;
				CODE_SIGN_STYLE = Automatic;
				CURRENT_PROJECT_VERSION = 1;
				DEVELOPMENT_ASSET_PATHS = "\"Nano1ShakeFeature/Preview Content\"";
				DEVELOPMENT_TEAM = 2U62MM8G6X;
				ENABLE_PREVIEWS = YES;
				GENERATE_INFOPLIST_FILE = YES;
				INFOPLIST_KEY_UIApplicationSceneManifest_Generation = YES;
				INFOPLIST_KEY_UIApplicationSupportsIndirectInputEvents = YES;
				INFOPLIST_KEY_UILaunchScreen_Generation = YES;
				INFOPLIST_KEY_UISupportedInterfaceOrientations = UIInterfaceOrientationPortrait;
				INFOPLIST_KEY_UISupportedInterfaceOrientations_iPad = "UIInterfaceOrientationLandscapeLeft UIInterfaceOrientationLandscapeRight UIInterfaceOrientationPortrait UIInterfaceOrientationPortraitUpsideDown";
				LD_RUNPATH_SEARCH_PATHS = (
					"$(inherited)",
					"@executable_path/Frameworks",
				);
				MARKETING_VERSION = 1.0;
				PRODUCT_BUNDLE_IDENTIFIER = io.designcode.Nano1ShakeFeature;
				PRODUCT_NAME = "$(TARGET_NAME)";
				SWIFT_EMIT_LOC_STRINGS = YES;
				SWIFT_VERSION = 5.0;
				TARGETED_DEVICE_FAMILY = "1,2";
			};
			name = Debug;
		};
		93512FE42BDA118C003AE2A0 /* Release */ = {
			isa = XCBuildConfiguration;
			buildSettings = {
				ASSETCATALOG_COMPILER_APPICON_NAME = AppIcon;
				ASSETCATALOG_COMPILER_GLOBAL_ACCENT_COLOR_NAME = AccentColor;
				CODE_SIGN_STYLE = Automatic;
				CURRENT_PROJECT_VERSION = 1;
				DEVELOPMENT_ASSET_PATHS = "\"Nano1ShakeFeature/Preview Content\"";
				DEVELOPMENT_TEAM = 2U62MM8G6X;
				ENABLE_PREVIEWS = YES;
				GENERATE_INFOPLIST_FILE = YES;
				INFOPLIST_KEY_UIApplicationSceneManifest_Generation = YES;
				INFOPLIST_KEY_UIApplicationSupportsIndirectInputEvents = YES;
				INFOPLIST_KEY_UILaunchScreen_Generation = YES;
				INFOPLIST_KEY_UISupportedInterfaceOrientations = UIInterfaceOrientationPortrait;
				INFOPLIST_KEY_UISupportedInterfaceOrientations_iPad = "UIInterfaceOrientationLandscapeLeft UIInterfaceOrientationLandscapeRight UIInterfaceOrientationPortrait UIInterfaceOrientationPortraitUpsideDown";
				LD_RUNPATH_SEARCH_PATHS = (
					"$(inherited)",
					"@executable_path/Frameworks",
				);
				MARKETING_VERSION = 1.0;
				PRODUCT_BUNDLE_IDENTIFIER = io.designcode.Nano1ShakeFeature;
				PRODUCT_NAME = "$(TARGET_NAME)";
				SWIFT_EMIT_LOC_STRINGS = YES;
				SWIFT_VERSION = 5.0;
				TARGETED_DEVICE_FAMILY = "1,2";
			};
			name = Release;
		};
/* End XCBuildConfiguration section */

/* Begin XCConfigurationList section */
		93512FCF2BDA1189003AE2A0 /* Build configuration list for PBXProject "Nano1ShakeFeature" */ = {
			isa = XCConfigurationList;
			buildConfigurations = (
				93512FE02BDA118C003AE2A0 /* Debug */,
				93512FE12BDA118C003AE2A0 /* Release */,
			);
			defaultConfigurationIsVisible = 0;
			defaultConfigurationName = Release;
		};
		93512FE22BDA118C003AE2A0 /* Build configuration list for PBXNativeTarget "Nano1ShakeFeature" */ = {
			isa = XCConfigurationList;
			buildConfigurations = (
				93512FE32BDA118C003AE2A0 /* Debug */,
				93512FE42BDA118C003AE2A0 /* Release */,
			);
			defaultConfigurationIsVisible = 0;
			defaultConfigurationName = Release;
		};
/* End XCConfigurationList section */
	};
	rootObject = 93512FCC2BDA1189003AE2A0 /* Project object */;
}
